// !$*UTF8*$!
{
	archiveVersion = 1;
	classes = {
	};
	objectVersion = 56;
	objects = {

/* Begin PBXBuildFile section */
		841A637F2C4CDA5A00ECB1F3 /* ThunderstormWeatherView.swift in Sources */ = {isa = PBXBuildFile; fileRef = 841A637E2C4CDA5A00ECB1F3 /* ThunderstormWeatherView.swift */; };
		841A63812C4CFFE500ECB1F3 /* Randomizable.swift in Sources */ = {isa = PBXBuildFile; fileRef = 841A63802C4CFFE500ECB1F3 /* Randomizable.swift */; };
		849173852C4699C9003766B0 /* AppDelegate.swift in Sources */ = {isa = PBXBuildFile; fileRef = 849173842C4699C9003766B0 /* AppDelegate.swift */; };
		849173872C4699C9003766B0 /* SceneDelegate.swift in Sources */ = {isa = PBXBuildFile; fileRef = 849173862C4699C9003766B0 /* SceneDelegate.swift */; };
		8491738E2C4699CA003766B0 /* Images.xcassets in Resources */ = {isa = PBXBuildFile; fileRef = 8491738D2C4699CA003766B0 /* Images.xcassets */; };
		849173912C4699CA003766B0 /* Base in Resources */ = {isa = PBXBuildFile; fileRef = 849173902C4699CA003766B0 /* Base */; };
		8491739F2C469CF3003766B0 /* AppCoordinator.swift in Sources */ = {isa = PBXBuildFile; fileRef = 8491739E2C469CF3003766B0 /* AppCoordinator.swift */; };
		849173A22C469D25003766B0 /* Coordinator.swift in Sources */ = {isa = PBXBuildFile; fileRef = 849173A12C469D25003766B0 /* Coordinator.swift */; };
		849173AD2C469E4E003766B0 /* WeatherPickerViewModel.swift in Sources */ = {isa = PBXBuildFile; fileRef = 849173AC2C469E4E003766B0 /* WeatherPickerViewModel.swift */; };
		849173AF2C469E74003766B0 /* WeatherPickerViewController.swift in Sources */ = {isa = PBXBuildFile; fileRef = 849173AE2C469E74003766B0 /* WeatherPickerViewController.swift */; };
		849173B12C469EF2003766B0 /* WeatherPickerCoordinator.swift in Sources */ = {isa = PBXBuildFile; fileRef = 849173B02C469EF2003766B0 /* WeatherPickerCoordinator.swift */; };
		849173BC2C46A09F003766B0 /* Colors.xcassets in Resources */ = {isa = PBXBuildFile; fileRef = 849173BB2C46A09F003766B0 /* Colors.xcassets */; };
		849173C22C46A3D2003766B0 /* WeatherType.swift in Sources */ = {isa = PBXBuildFile; fileRef = 849173C12C46A3D2003766B0 /* WeatherType.swift */; };
		849173C42C46A540003766B0 /* CAGradientLayer+AppGradients.swift in Sources */ = {isa = PBXBuildFile; fileRef = 849173C32C46A540003766B0 /* CAGradientLayer+AppGradients.swift */; };
		849173C72C46AAC1003766B0 /* WeatherPickerElementView.swift in Sources */ = {isa = PBXBuildFile; fileRef = 849173C62C46AAC1003766B0 /* WeatherPickerElementView.swift */; };
		849173CC2C46DB85003766B0 /* AppColors.swift in Sources */ = {isa = PBXBuildFile; fileRef = 849173CB2C46DB85003766B0 /* AppColors.swift */; };
		849173CE2C46DBB7003766B0 /* AppImages.swift in Sources */ = {isa = PBXBuildFile; fileRef = 849173CD2C46DBB7003766B0 /* AppImages.swift */; };
		849173D02C46DDB5003766B0 /* Localizable.xcstrings in Resources */ = {isa = PBXBuildFile; fileRef = 849173CF2C46DDB5003766B0 /* Localizable.xcstrings */; };
		849173DA2C46F899003766B0 /* ClearWeatherView.swift in Sources */ = {isa = PBXBuildFile; fileRef = 849173D92C46F899003766B0 /* ClearWeatherView.swift */; };
		849173DC2C46FAB6003766B0 /* UIView+shadow.swift in Sources */ = {isa = PBXBuildFile; fileRef = 849173DB2C46FAB6003766B0 /* UIView+shadow.swift */; };
		849173E12C471077003766B0 /* ViewAnimatable.swift in Sources */ = {isa = PBXBuildFile; fileRef = 849173E02C471077003766B0 /* ViewAnimatable.swift */; };
		849173E32C47996F003766B0 /* CABasicAnimation+animations.swift in Sources */ = {isa = PBXBuildFile; fileRef = 849173E22C47996F003766B0 /* CABasicAnimation+animations.swift */; };
		849173E52C47C103003766B0 /* UIApplication+helpers.swift in Sources */ = {isa = PBXBuildFile; fileRef = 849173E42C47C103003766B0 /* UIApplication+helpers.swift */; };
		849173E72C47C11B003766B0 /* UIWindowScene+helpers.swift in Sources */ = {isa = PBXBuildFile; fileRef = 849173E62C47C11B003766B0 /* UIWindowScene+helpers.swift */; };
		849173EC2C480D18003766B0 /* ClearNightWeatherView.swift in Sources */ = {isa = PBXBuildFile; fileRef = 849173EB2C480D18003766B0 /* ClearNightWeatherView.swift */; };
		849173F02C483777003766B0 /* CAKeyframeAnimation+animations.swift in Sources */ = {isa = PBXBuildFile; fileRef = 849173EF2C483777003766B0 /* CAKeyframeAnimation+animations.swift */; };
		849173F52C48E385003766B0 /* CloudyWeatherView.swift in Sources */ = {isa = PBXBuildFile; fileRef = 849173F42C48E385003766B0 /* CloudyWeatherView.swift */; };
		849173FC2C492F18003766B0 /* FoggyWeatherView.swift in Sources */ = {isa = PBXBuildFile; fileRef = 849173FB2C492F18003766B0 /* FoggyWeatherView.swift */; };
		849174022C4985E3003766B0 /* UIBezierPath+paths.swift in Sources */ = {isa = PBXBuildFile; fileRef = 849174012C4985E3003766B0 /* UIBezierPath+paths.swift */; };
		849174072C4A3C2C003766B0 /* BaseDrawableView.swift in Sources */ = {isa = PBXBuildFile; fileRef = 849174062C4A3C2C003766B0 /* BaseDrawableView.swift */; };
		849174092C4A49DD003766B0 /* RainyWeatherView.swift in Sources */ = {isa = PBXBuildFile; fileRef = 849174082C4A49DD003766B0 /* RainyWeatherView.swift */; };
		8491740B2C4AB12F003766B0 /* UIView+helpers.swift in Sources */ = {isa = PBXBuildFile; fileRef = 8491740A2C4AB12F003766B0 /* UIView+helpers.swift */; };
		8491740E2C4AC5C2003766B0 /* SnowyWeatherView.swift in Sources */ = {isa = PBXBuildFile; fileRef = 8491740D2C4AC5C2003766B0 /* SnowyWeatherView.swift */; };
		849174102C4AD6A7003766B0 /* CGPoint+helpers.swift in Sources */ = {isa = PBXBuildFile; fileRef = 8491740F2C4AD6A7003766B0 /* CGPoint+helpers.swift */; };
/* End PBXBuildFile section */

/* Begin PBXFileReference section */
		841A637E2C4CDA5A00ECB1F3 /* ThunderstormWeatherView.swift */ = {isa = PBXFileReference; lastKnownFileType = sourcecode.swift; path = ThunderstormWeatherView.swift; sourceTree = "<group>"; };
		841A63802C4CFFE500ECB1F3 /* Randomizable.swift */ = {isa = PBXFileReference; lastKnownFileType = sourcecode.swift; path = Randomizable.swift; sourceTree = "<group>"; };
		849173812C4699C9003766B0 /* weather-picker-ios.app */ = {isa = PBXFileReference; explicitFileType = wrapper.application; includeInIndex = 0; path = "weather-picker-ios.app"; sourceTree = BUILT_PRODUCTS_DIR; };
		849173842C4699C9003766B0 /* AppDelegate.swift */ = {isa = PBXFileReference; lastKnownFileType = sourcecode.swift; path = AppDelegate.swift; sourceTree = "<group>"; };
		849173862C4699C9003766B0 /* SceneDelegate.swift */ = {isa = PBXFileReference; lastKnownFileType = sourcecode.swift; path = SceneDelegate.swift; sourceTree = "<group>"; };
		8491738D2C4699CA003766B0 /* Images.xcassets */ = {isa = PBXFileReference; lastKnownFileType = folder.assetcatalog; path = Images.xcassets; sourceTree = "<group>"; };
		849173902C4699CA003766B0 /* Base */ = {isa = PBXFileReference; lastKnownFileType = file.storyboard; name = Base; path = Base.lproj/LaunchScreen.storyboard; sourceTree = "<group>"; };
		849173922C4699CA003766B0 /* Info.plist */ = {isa = PBXFileReference; lastKnownFileType = text.plist.xml; path = Info.plist; sourceTree = "<group>"; };
		8491739E2C469CF3003766B0 /* AppCoordinator.swift */ = {isa = PBXFileReference; lastKnownFileType = sourcecode.swift; path = AppCoordinator.swift; sourceTree = "<group>"; };
		849173A12C469D25003766B0 /* Coordinator.swift */ = {isa = PBXFileReference; lastKnownFileType = sourcecode.swift; path = Coordinator.swift; sourceTree = "<group>"; };
		849173AC2C469E4E003766B0 /* WeatherPickerViewModel.swift */ = {isa = PBXFileReference; lastKnownFileType = sourcecode.swift; path = WeatherPickerViewModel.swift; sourceTree = "<group>"; };
		849173AE2C469E74003766B0 /* WeatherPickerViewController.swift */ = {isa = PBXFileReference; lastKnownFileType = sourcecode.swift; path = WeatherPickerViewController.swift; sourceTree = "<group>"; };
		849173B02C469EF2003766B0 /* WeatherPickerCoordinator.swift */ = {isa = PBXFileReference; lastKnownFileType = sourcecode.swift; path = WeatherPickerCoordinator.swift; sourceTree = "<group>"; };
		849173BB2C46A09F003766B0 /* Colors.xcassets */ = {isa = PBXFileReference; lastKnownFileType = folder.assetcatalog; path = Colors.xcassets; sourceTree = "<group>"; };
		849173C12C46A3D2003766B0 /* WeatherType.swift */ = {isa = PBXFileReference; lastKnownFileType = sourcecode.swift; path = WeatherType.swift; sourceTree = "<group>"; };
		849173C32C46A540003766B0 /* CAGradientLayer+AppGradients.swift */ = {isa = PBXFileReference; lastKnownFileType = sourcecode.swift; path = "CAGradientLayer+AppGradients.swift"; sourceTree = "<group>"; };
		849173C62C46AAC1003766B0 /* WeatherPickerElementView.swift */ = {isa = PBXFileReference; lastKnownFileType = sourcecode.swift; path = WeatherPickerElementView.swift; sourceTree = "<group>"; };
		849173CB2C46DB85003766B0 /* AppColors.swift */ = {isa = PBXFileReference; lastKnownFileType = sourcecode.swift; path = AppColors.swift; sourceTree = "<group>"; };
		849173CD2C46DBB7003766B0 /* AppImages.swift */ = {isa = PBXFileReference; lastKnownFileType = sourcecode.swift; path = AppImages.swift; sourceTree = "<group>"; };
		849173CF2C46DDB5003766B0 /* Localizable.xcstrings */ = {isa = PBXFileReference; lastKnownFileType = text.json.xcstrings; path = Localizable.xcstrings; sourceTree = "<group>"; };
		849173D12C46DDE3003766B0 /* ru */ = {isa = PBXFileReference; lastKnownFileType = text.plist.strings; name = ru; path = ru.lproj/LaunchScreen.strings; sourceTree = "<group>"; };
		849173D92C46F899003766B0 /* ClearWeatherView.swift */ = {isa = PBXFileReference; lastKnownFileType = sourcecode.swift; path = ClearWeatherView.swift; sourceTree = "<group>"; };
		849173DB2C46FAB6003766B0 /* UIView+shadow.swift */ = {isa = PBXFileReference; lastKnownFileType = sourcecode.swift; path = "UIView+shadow.swift"; sourceTree = "<group>"; };
		849173E02C471077003766B0 /* ViewAnimatable.swift */ = {isa = PBXFileReference; lastKnownFileType = sourcecode.swift; path = ViewAnimatable.swift; sourceTree = "<group>"; };
		849173E22C47996F003766B0 /* CABasicAnimation+animations.swift */ = {isa = PBXFileReference; lastKnownFileType = sourcecode.swift; path = "CABasicAnimation+animations.swift"; sourceTree = "<group>"; };
		849173E42C47C103003766B0 /* UIApplication+helpers.swift */ = {isa = PBXFileReference; lastKnownFileType = sourcecode.swift; path = "UIApplication+helpers.swift"; sourceTree = "<group>"; };
		849173E62C47C11B003766B0 /* UIWindowScene+helpers.swift */ = {isa = PBXFileReference; lastKnownFileType = sourcecode.swift; path = "UIWindowScene+helpers.swift"; sourceTree = "<group>"; };
		849173EB2C480D18003766B0 /* ClearNightWeatherView.swift */ = {isa = PBXFileReference; lastKnownFileType = sourcecode.swift; path = ClearNightWeatherView.swift; sourceTree = "<group>"; };
		849173EF2C483777003766B0 /* CAKeyframeAnimation+animations.swift */ = {isa = PBXFileReference; lastKnownFileType = sourcecode.swift; path = "CAKeyframeAnimation+animations.swift"; sourceTree = "<group>"; };
		849173F42C48E385003766B0 /* CloudyWeatherView.swift */ = {isa = PBXFileReference; lastKnownFileType = sourcecode.swift; path = CloudyWeatherView.swift; sourceTree = "<group>"; };
		849173FB2C492F18003766B0 /* FoggyWeatherView.swift */ = {isa = PBXFileReference; lastKnownFileType = sourcecode.swift; path = FoggyWeatherView.swift; sourceTree = "<group>"; };
		849174012C4985E3003766B0 /* UIBezierPath+paths.swift */ = {isa = PBXFileReference; lastKnownFileType = sourcecode.swift; path = "UIBezierPath+paths.swift"; sourceTree = "<group>"; };
		849174062C4A3C2C003766B0 /* BaseDrawableView.swift */ = {isa = PBXFileReference; lastKnownFileType = sourcecode.swift; path = BaseDrawableView.swift; sourceTree = "<group>"; };
		849174082C4A49DD003766B0 /* RainyWeatherView.swift */ = {isa = PBXFileReference; lastKnownFileType = sourcecode.swift; path = RainyWeatherView.swift; sourceTree = "<group>"; };
		8491740A2C4AB12F003766B0 /* UIView+helpers.swift */ = {isa = PBXFileReference; lastKnownFileType = sourcecode.swift; path = "UIView+helpers.swift"; sourceTree = "<group>"; };
		8491740D2C4AC5C2003766B0 /* SnowyWeatherView.swift */ = {isa = PBXFileReference; lastKnownFileType = sourcecode.swift; path = SnowyWeatherView.swift; sourceTree = "<group>"; };
		8491740F2C4AD6A7003766B0 /* CGPoint+helpers.swift */ = {isa = PBXFileReference; lastKnownFileType = sourcecode.swift; path = "CGPoint+helpers.swift"; sourceTree = "<group>"; };
/* End PBXFileReference section */

/* Begin PBXFrameworksBuildPhase section */
		8491737E2C4699C9003766B0 /* Frameworks */ = {
			isa = PBXFrameworksBuildPhase;
			buildActionMask = 2147483647;
			files = (
			);
			runOnlyForDeploymentPostprocessing = 0;
		};
/* End PBXFrameworksBuildPhase section */

/* Begin PBXGroup section */
		841A637D2C4CDA1D00ECB1F3 /* ThunderstormWeather */ = {
			isa = PBXGroup;
			children = (
				841A637E2C4CDA5A00ECB1F3 /* ThunderstormWeatherView.swift */,
			);
			path = ThunderstormWeather;
			sourceTree = "<group>";
		};
		849173782C4699C9003766B0 = {
			isa = PBXGroup;
			children = (
				849173832C4699C9003766B0 /* weather-picker-ios */,
				849173822C4699C9003766B0 /* Products */,
			);
			sourceTree = "<group>";
		};
		849173822C4699C9003766B0 /* Products */ = {
			isa = PBXGroup;
			children = (
				849173812C4699C9003766B0 /* weather-picker-ios.app */,
			);
			name = Products;
			sourceTree = "<group>";
		};
		849173832C4699C9003766B0 /* weather-picker-ios */ = {
			isa = PBXGroup;
			children = (
				8491739B2C469CA5003766B0 /* Resources */,
				849173982C469C3D003766B0 /* Sources */,
				8491739C2C469CBB003766B0 /* Supporting Files */,
			);
			path = "weather-picker-ios";
			sourceTree = "<group>";
		};
		849173982C469C3D003766B0 /* Sources */ = {
			isa = PBXGroup;
			children = (
				849173992C469C4A003766B0 /* Application */,
				849173A02C469D17003766B0 /* Base */,
				849173BD2C46A254003766B0 /* Extensions */,
				849173B22C469FC4003766B0 /* Protocols */,
				8491739A2C469C91003766B0 /* Scenes */,
			);
			path = Sources;
			sourceTree = "<group>";
		};
		849173992C469C4A003766B0 /* Application */ = {
			isa = PBXGroup;
			children = (
				849173862C4699C9003766B0 /* SceneDelegate.swift */,
				849173842C4699C9003766B0 /* AppDelegate.swift */,
				8491738F2C4699CA003766B0 /* LaunchScreen.storyboard */,
			);
			path = Application;
			sourceTree = "<group>";
		};
		8491739A2C469C91003766B0 /* Scenes */ = {
			isa = PBXGroup;
			children = (
				8491739D2C469CE7003766B0 /* App */,
				849173AA2C469E38003766B0 /* WeatherPicker */,
			);
			path = Scenes;
			sourceTree = "<group>";
		};
		8491739B2C469CA5003766B0 /* Resources */ = {
			isa = PBXGroup;
			children = (
				849173B72C46A04D003766B0 /* Assets */,
				849173B92C46A064003766B0 /* Strings */,
				849173CA2C46DB7D003766B0 /* Enums */,
			);
			path = Resources;
			sourceTree = "<group>";
		};
		8491739C2C469CBB003766B0 /* Supporting Files */ = {
			isa = PBXGroup;
			children = (
				849173922C4699CA003766B0 /* Info.plist */,
			);
			path = "Supporting Files";
			sourceTree = "<group>";
		};
		8491739D2C469CE7003766B0 /* App */ = {
			isa = PBXGroup;
			children = (
				8491739E2C469CF3003766B0 /* AppCoordinator.swift */,
			);
			path = App;
			sourceTree = "<group>";
		};
		849173A02C469D17003766B0 /* Base */ = {
			isa = PBXGroup;
			children = (
				849173A12C469D25003766B0 /* Coordinator.swift */,
				849174062C4A3C2C003766B0 /* BaseDrawableView.swift */,
			);
			path = Base;
			sourceTree = "<group>";
		};
		849173AA2C469E38003766B0 /* WeatherPicker */ = {
			isa = PBXGroup;
			children = (
				849173C02C46A3C6003766B0 /* Model */,
				849173C52C46AA85003766B0 /* Views */,
				849173AB2C469E45003766B0 /* ViewModel */,
				849173AE2C469E74003766B0 /* WeatherPickerViewController.swift */,
				849173B02C469EF2003766B0 /* WeatherPickerCoordinator.swift */,
			);
			path = WeatherPicker;
			sourceTree = "<group>";
		};
		849173AB2C469E45003766B0 /* ViewModel */ = {
			isa = PBXGroup;
			children = (
				849173AC2C469E4E003766B0 /* WeatherPickerViewModel.swift */,
			);
			path = ViewModel;
			sourceTree = "<group>";
		};
		849173B22C469FC4003766B0 /* Protocols */ = {
			isa = PBXGroup;
			children = (
				849173E02C471077003766B0 /* ViewAnimatable.swift */,
				841A63802C4CFFE500ECB1F3 /* Randomizable.swift */,
			);
			path = Protocols;
			sourceTree = "<group>";
		};
		849173B72C46A04D003766B0 /* Assets */ = {
			isa = PBXGroup;
			children = (
				849173BB2C46A09F003766B0 /* Colors.xcassets */,
				8491738D2C4699CA003766B0 /* Images.xcassets */,
			);
			path = Assets;
			sourceTree = "<group>";
		};
		849173B92C46A064003766B0 /* Strings */ = {
			isa = PBXGroup;
			children = (
				849173CF2C46DDB5003766B0 /* Localizable.xcstrings */,
			);
			path = Strings;
			sourceTree = "<group>";
		};
		849173BD2C46A254003766B0 /* Extensions */ = {
			isa = PBXGroup;
			children = (
				849173C32C46A540003766B0 /* CAGradientLayer+AppGradients.swift */,
				849173DB2C46FAB6003766B0 /* UIView+shadow.swift */,
				849173E22C47996F003766B0 /* CABasicAnimation+animations.swift */,
				849173E42C47C103003766B0 /* UIApplication+helpers.swift */,
				849173E62C47C11B003766B0 /* UIWindowScene+helpers.swift */,
				849173EF2C483777003766B0 /* CAKeyframeAnimation+animations.swift */,
				849174012C4985E3003766B0 /* UIBezierPath+paths.swift */,
				8491740A2C4AB12F003766B0 /* UIView+helpers.swift */,
				8491740F2C4AD6A7003766B0 /* CGPoint+helpers.swift */,
			);
			path = Extensions;
			sourceTree = "<group>";
		};
		849173C02C46A3C6003766B0 /* Model */ = {
			isa = PBXGroup;
			children = (
				849173C12C46A3D2003766B0 /* WeatherType.swift */,
			);
			path = Model;
			sourceTree = "<group>";
		};
		849173C52C46AA85003766B0 /* Views */ = {
			isa = PBXGroup;
			children = (
				841A637D2C4CDA1D00ECB1F3 /* ThunderstormWeather */,
				8491740C2C4AC58C003766B0 /* SnowyWeather */,
				849174052C4A3BEF003766B0 /* RainyWeather */,
				849173F82C4929D2003766B0 /* FoggyWeather */,
				849173F12C48E2B2003766B0 /* CloudyWeather */,
				849173E82C47F83A003766B0 /* ClearNightWeather */,
				849173DD2C46FE3C003766B0 /* ClearWeather */,
				849173C62C46AAC1003766B0 /* WeatherPickerElementView.swift */,
			);
			path = Views;
			sourceTree = "<group>";
		};
		849173CA2C46DB7D003766B0 /* Enums */ = {
			isa = PBXGroup;
			children = (
				849173CB2C46DB85003766B0 /* AppColors.swift */,
				849173CD2C46DBB7003766B0 /* AppImages.swift */,
			);
			path = Enums;
			sourceTree = "<group>";
		};
		849173DD2C46FE3C003766B0 /* ClearWeather */ = {
			isa = PBXGroup;
			children = (
				849173D92C46F899003766B0 /* ClearWeatherView.swift */,
			);
			path = ClearWeather;
			sourceTree = "<group>";
		};
		849173E82C47F83A003766B0 /* ClearNightWeather */ = {
			isa = PBXGroup;
			children = (
				849173EB2C480D18003766B0 /* ClearNightWeatherView.swift */,
			);
			path = ClearNightWeather;
			sourceTree = "<group>";
		};
		849173F12C48E2B2003766B0 /* CloudyWeather */ = {
			isa = PBXGroup;
			children = (
				849173F42C48E385003766B0 /* CloudyWeatherView.swift */,
			);
			path = CloudyWeather;
			sourceTree = "<group>";
		};
		849173F82C4929D2003766B0 /* FoggyWeather */ = {
			isa = PBXGroup;
			children = (
				849173FB2C492F18003766B0 /* FoggyWeatherView.swift */,
			);
			path = FoggyWeather;
			sourceTree = "<group>";
		};
		849174052C4A3BEF003766B0 /* RainyWeather */ = {
			isa = PBXGroup;
			children = (
				849174082C4A49DD003766B0 /* RainyWeatherView.swift */,
			);
			path = RainyWeather;
			sourceTree = "<group>";
		};
		8491740C2C4AC58C003766B0 /* SnowyWeather */ = {
			isa = PBXGroup;
			children = (
				8491740D2C4AC5C2003766B0 /* SnowyWeatherView.swift */,
			);
			path = SnowyWeather;
			sourceTree = "<group>";
		};
/* End PBXGroup section */

/* Begin PBXNativeTarget section */
		849173802C4699C9003766B0 /* weather-picker-ios */ = {
			isa = PBXNativeTarget;
			buildConfigurationList = 849173952C4699CA003766B0 /* Build configuration list for PBXNativeTarget "weather-picker-ios" */;
			buildPhases = (
				8491737D2C4699C9003766B0 /* Sources */,
				8491737E2C4699C9003766B0 /* Frameworks */,
				8491737F2C4699C9003766B0 /* Resources */,
			);
			buildRules = (
			);
			dependencies = (
			);
			name = "weather-picker-ios";
			packageProductDependencies = (
			);
			productName = "weather-picker-ios";
			productReference = 849173812C4699C9003766B0 /* weather-picker-ios.app */;
			productType = "com.apple.product-type.application";
		};
/* End PBXNativeTarget section */

/* Begin PBXProject section */
		849173792C4699C9003766B0 /* Project object */ = {
			isa = PBXProject;
			attributes = {
				BuildIndependentTargetsInParallel = 1;
				LastSwiftUpdateCheck = 1540;
				LastUpgradeCheck = 1540;
				TargetAttributes = {
					849173802C4699C9003766B0 = {
						CreatedOnToolsVersion = 15.4;
					};
				};
			};
			buildConfigurationList = 8491737C2C4699C9003766B0 /* Build configuration list for PBXProject "weather-picker-ios" */;
			compatibilityVersion = "Xcode 14.0";
			developmentRegion = en;
			hasScannedForEncodings = 0;
			knownRegions = (
				en,
				Base,
				ru,
			);
			mainGroup = 849173782C4699C9003766B0;
			packageReferences = (
			);
			productRefGroup = 849173822C4699C9003766B0 /* Products */;
			projectDirPath = "";
			projectRoot = "";
			targets = (
				849173802C4699C9003766B0 /* weather-picker-ios */,
			);
		};
/* End PBXProject section */

/* Begin PBXResourcesBuildPhase section */
		8491737F2C4699C9003766B0 /* Resources */ = {
			isa = PBXResourcesBuildPhase;
			buildActionMask = 2147483647;
			files = (
				849173BC2C46A09F003766B0 /* Colors.xcassets in Resources */,
				8491738E2C4699CA003766B0 /* Images.xcassets in Resources */,
				849173D02C46DDB5003766B0 /* Localizable.xcstrings in Resources */,
				849173912C4699CA003766B0 /* Base in Resources */,
			);
			runOnlyForDeploymentPostprocessing = 0;
		};
/* End PBXResourcesBuildPhase section */

/* Begin PBXSourcesBuildPhase section */
		8491737D2C4699C9003766B0 /* Sources */ = {
			isa = PBXSourcesBuildPhase;
			buildActionMask = 2147483647;
			files = (
				8491739F2C469CF3003766B0 /* AppCoordinator.swift in Sources */,
				849173EC2C480D18003766B0 /* ClearNightWeatherView.swift in Sources */,
				849173CE2C46DBB7003766B0 /* AppImages.swift in Sources */,
				849174022C4985E3003766B0 /* UIBezierPath+paths.swift in Sources */,
				849173F02C483777003766B0 /* CAKeyframeAnimation+animations.swift in Sources */,
				849173C22C46A3D2003766B0 /* WeatherType.swift in Sources */,
				849173A22C469D25003766B0 /* Coordinator.swift in Sources */,
				849174102C4AD6A7003766B0 /* CGPoint+helpers.swift in Sources */,
				849173C42C46A540003766B0 /* CAGradientLayer+AppGradients.swift in Sources */,
				8491740B2C4AB12F003766B0 /* UIView+helpers.swift in Sources */,
				849173852C4699C9003766B0 /* AppDelegate.swift in Sources */,
				849173E32C47996F003766B0 /* CABasicAnimation+animations.swift in Sources */,
				849173AD2C469E4E003766B0 /* WeatherPickerViewModel.swift in Sources */,
				849173DC2C46FAB6003766B0 /* UIView+shadow.swift in Sources */,
				849173F52C48E385003766B0 /* CloudyWeatherView.swift in Sources */,
				841A63812C4CFFE500ECB1F3 /* Randomizable.swift in Sources */,
				849173E12C471077003766B0 /* ViewAnimatable.swift in Sources */,
				849173E52C47C103003766B0 /* UIApplication+helpers.swift in Sources */,
				849173E72C47C11B003766B0 /* UIWindowScene+helpers.swift in Sources */,
				8491740E2C4AC5C2003766B0 /* SnowyWeatherView.swift in Sources */,
				849173FC2C492F18003766B0 /* FoggyWeatherView.swift in Sources */,
				849174072C4A3C2C003766B0 /* BaseDrawableView.swift in Sources */,
				849173CC2C46DB85003766B0 /* AppColors.swift in Sources */,
				841A637F2C4CDA5A00ECB1F3 /* ThunderstormWeatherView.swift in Sources */,
				849173B12C469EF2003766B0 /* WeatherPickerCoordinator.swift in Sources */,
				849173DA2C46F899003766B0 /* ClearWeatherView.swift in Sources */,
				849173AF2C469E74003766B0 /* WeatherPickerViewController.swift in Sources */,
				849173C72C46AAC1003766B0 /* WeatherPickerElementView.swift in Sources */,
				849173872C4699C9003766B0 /* SceneDelegate.swift in Sources */,
				849174092C4A49DD003766B0 /* RainyWeatherView.swift in Sources */,
			);
			runOnlyForDeploymentPostprocessing = 0;
		};
/* End PBXSourcesBuildPhase section */

/* Begin PBXVariantGroup section */
		8491738F2C4699CA003766B0 /* LaunchScreen.storyboard */ = {
			isa = PBXVariantGroup;
			children = (
				849173902C4699CA003766B0 /* Base */,
				849173D12C46DDE3003766B0 /* ru */,
			);
			name = LaunchScreen.storyboard;
			sourceTree = "<group>";
		};
/* End PBXVariantGroup section */

/* Begin XCBuildConfiguration section */
		849173932C4699CA003766B0 /* Debug */ = {
			isa = XCBuildConfiguration;
			buildSettings = {
				ALWAYS_SEARCH_USER_PATHS = NO;
				ASSETCATALOG_COMPILER_GENERATE_SWIFT_ASSET_SYMBOL_EXTENSIONS = YES;
				CLANG_ANALYZER_LOCALIZABILITY_NONLOCALIZED = YES;
				CLANG_ANALYZER_NONNULL = YES;
				CLANG_ANALYZER_NUMBER_OBJECT_CONVERSION = YES_AGGRESSIVE;
				CLANG_CXX_LANGUAGE_STANDARD = "gnu++20";
				CLANG_ENABLE_MODULES = YES;
				CLANG_ENABLE_OBJC_ARC = YES;
				CLANG_ENABLE_OBJC_WEAK = YES;
				CLANG_WARN_BLOCK_CAPTURE_AUTORELEASING = YES;
				CLANG_WARN_BOOL_CONVERSION = YES;
				CLANG_WARN_COMMA = YES;
				CLANG_WARN_CONSTANT_CONVERSION = YES;
				CLANG_WARN_DEPRECATED_OBJC_IMPLEMENTATIONS = YES;
				CLANG_WARN_DIRECT_OBJC_ISA_USAGE = YES_ERROR;
				CLANG_WARN_DOCUMENTATION_COMMENTS = YES;
				CLANG_WARN_EMPTY_BODY = YES;
				CLANG_WARN_ENUM_CONVERSION = YES;
				CLANG_WARN_INFINITE_RECURSION = YES;
				CLANG_WARN_INT_CONVERSION = YES;
				CLANG_WARN_NON_LITERAL_NULL_CONVERSION = YES;
				CLANG_WARN_OBJC_IMPLICIT_RETAIN_SELF = YES;
				CLANG_WARN_OBJC_LITERAL_CONVERSION = YES;
				CLANG_WARN_OBJC_ROOT_CLASS = YES_ERROR;
				CLANG_WARN_QUOTED_INCLUDE_IN_FRAMEWORK_HEADER = YES;
				CLANG_WARN_RANGE_LOOP_ANALYSIS = YES;
				CLANG_WARN_STRICT_PROTOTYPES = YES;
				CLANG_WARN_SUSPICIOUS_MOVE = YES;
				CLANG_WARN_UNGUARDED_AVAILABILITY = YES_AGGRESSIVE;
				CLANG_WARN_UNREACHABLE_CODE = YES;
				CLANG_WARN__DUPLICATE_METHOD_MATCH = YES;
				COPY_PHASE_STRIP = NO;
				DEBUG_INFORMATION_FORMAT = dwarf;
				ENABLE_STRICT_OBJC_MSGSEND = YES;
				ENABLE_TESTABILITY = YES;
				ENABLE_USER_SCRIPT_SANDBOXING = YES;
				GCC_C_LANGUAGE_STANDARD = gnu17;
				GCC_DYNAMIC_NO_PIC = NO;
				GCC_NO_COMMON_BLOCKS = YES;
				GCC_OPTIMIZATION_LEVEL = 0;
				GCC_PREPROCESSOR_DEFINITIONS = (
					"DEBUG=1",
					"$(inherited)",
				);
				GCC_WARN_64_TO_32_BIT_CONVERSION = YES;
				GCC_WARN_ABOUT_RETURN_TYPE = YES_ERROR;
				GCC_WARN_UNDECLARED_SELECTOR = YES;
				GCC_WARN_UNINITIALIZED_AUTOS = YES_AGGRESSIVE;
				GCC_WARN_UNUSED_FUNCTION = YES;
				GCC_WARN_UNUSED_VARIABLE = YES;
				IPHONEOS_DEPLOYMENT_TARGET = 14.0;
				LOCALIZATION_PREFERS_STRING_CATALOGS = YES;
				MTL_ENABLE_DEBUG_INFO = INCLUDE_SOURCE;
				MTL_FAST_MATH = YES;
				ONLY_ACTIVE_ARCH = YES;
				SDKROOT = iphoneos;
				SWIFT_ACTIVE_COMPILATION_CONDITIONS = "DEBUG $(inherited)";
				SWIFT_OPTIMIZATION_LEVEL = "-Onone";
			};
			name = Debug;
		};
		849173942C4699CA003766B0 /* Release */ = {
			isa = XCBuildConfiguration;
			buildSettings = {
				ALWAYS_SEARCH_USER_PATHS = NO;
				ASSETCATALOG_COMPILER_GENERATE_SWIFT_ASSET_SYMBOL_EXTENSIONS = YES;
				CLANG_ANALYZER_LOCALIZABILITY_NONLOCALIZED = YES;
				CLANG_ANALYZER_NONNULL = YES;
				CLANG_ANALYZER_NUMBER_OBJECT_CONVERSION = YES_AGGRESSIVE;
				CLANG_CXX_LANGUAGE_STANDARD = "gnu++20";
				CLANG_ENABLE_MODULES = YES;
				CLANG_ENABLE_OBJC_ARC = YES;
				CLANG_ENABLE_OBJC_WEAK = YES;
				CLANG_WARN_BLOCK_CAPTURE_AUTORELEASING = YES;
				CLANG_WARN_BOOL_CONVERSION = YES;
				CLANG_WARN_COMMA = YES;
				CLANG_WARN_CONSTANT_CONVERSION = YES;
				CLANG_WARN_DEPRECATED_OBJC_IMPLEMENTATIONS = YES;
				CLANG_WARN_DIRECT_OBJC_ISA_USAGE = YES_ERROR;
				CLANG_WARN_DOCUMENTATION_COMMENTS = YES;
				CLANG_WARN_EMPTY_BODY = YES;
				CLANG_WARN_ENUM_CONVERSION = YES;
				CLANG_WARN_INFINITE_RECURSION = YES;
				CLANG_WARN_INT_CONVERSION = YES;
				CLANG_WARN_NON_LITERAL_NULL_CONVERSION = YES;
				CLANG_WARN_OBJC_IMPLICIT_RETAIN_SELF = YES;
				CLANG_WARN_OBJC_LITERAL_CONVERSION = YES;
				CLANG_WARN_OBJC_ROOT_CLASS = YES_ERROR;
				CLANG_WARN_QUOTED_INCLUDE_IN_FRAMEWORK_HEADER = YES;
				CLANG_WARN_RANGE_LOOP_ANALYSIS = YES;
				CLANG_WARN_STRICT_PROTOTYPES = YES;
				CLANG_WARN_SUSPICIOUS_MOVE = YES;
				CLANG_WARN_UNGUARDED_AVAILABILITY = YES_AGGRESSIVE;
				CLANG_WARN_UNREACHABLE_CODE = YES;
				CLANG_WARN__DUPLICATE_METHOD_MATCH = YES;
				COPY_PHASE_STRIP = NO;
				DEBUG_INFORMATION_FORMAT = "dwarf-with-dsym";
				ENABLE_NS_ASSERTIONS = NO;
				ENABLE_STRICT_OBJC_MSGSEND = YES;
				ENABLE_USER_SCRIPT_SANDBOXING = YES;
				GCC_C_LANGUAGE_STANDARD = gnu17;
				GCC_NO_COMMON_BLOCKS = YES;
				GCC_WARN_64_TO_32_BIT_CONVERSION = YES;
				GCC_WARN_ABOUT_RETURN_TYPE = YES_ERROR;
				GCC_WARN_UNDECLARED_SELECTOR = YES;
				GCC_WARN_UNINITIALIZED_AUTOS = YES_AGGRESSIVE;
				GCC_WARN_UNUSED_FUNCTION = YES;
				GCC_WARN_UNUSED_VARIABLE = YES;
				IPHONEOS_DEPLOYMENT_TARGET = 14.0;
				LOCALIZATION_PREFERS_STRING_CATALOGS = YES;
				MTL_ENABLE_DEBUG_INFO = NO;
				MTL_FAST_MATH = YES;
				SDKROOT = iphoneos;
				SWIFT_COMPILATION_MODE = wholemodule;
				VALIDATE_PRODUCT = YES;
			};
			name = Release;
		};
		849173962C4699CA003766B0 /* Debug */ = {
			isa = XCBuildConfiguration;
			buildSettings = {
				ASSETCATALOG_COMPILER_APPICON_NAME = AppIcon;
				ASSETCATALOG_COMPILER_GLOBAL_ACCENT_COLOR_NAME = AccentColor;
				CODE_SIGN_STYLE = Automatic;
				CURRENT_PROJECT_VERSION = 1;
				DEVELOPMENT_TEAM = H29F6RLPN8;
				GENERATE_INFOPLIST_FILE = YES;
				INFOPLIST_FILE = "weather-picker-ios/Supporting Files/Info.plist";
				INFOPLIST_KEY_UIApplicationSupportsIndirectInputEvents = YES;
				INFOPLIST_KEY_UILaunchStoryboardName = LaunchScreen;
				INFOPLIST_KEY_UISupportedInterfaceOrientations = UIInterfaceOrientationPortrait;
				INFOPLIST_KEY_UISupportedInterfaceOrientations_iPad = "UIInterfaceOrientationLandscapeLeft UIInterfaceOrientationLandscapeRight UIInterfaceOrientationPortrait UIInterfaceOrientationPortraitUpsideDown";
				IPHONEOS_DEPLOYMENT_TARGET = 14.0;
				LD_RUNPATH_SEARCH_PATHS = (
					"$(inherited)",
					"@executable_path/Frameworks",
				);
				MARKETING_VERSION = 1.0;
				PRODUCT_BUNDLE_IDENTIFIER = "foolery.weather-picker-ios";
				PRODUCT_NAME = "$(TARGET_NAME)";
				SWIFT_EMIT_LOC_STRINGS = YES;
				SWIFT_VERSION = 5.0;
				TARGETED_DEVICE_FAMILY = "1,2";
			};
			name = Debug;
		};
		849173972C4699CA003766B0 /* Release */ = {
			isa = XCBuildConfiguration;
			buildSettings = {
				ASSETCATALOG_COMPILER_APPICON_NAME = AppIcon;
				ASSETCATALOG_COMPILER_GLOBAL_ACCENT_COLOR_NAME = AccentColor;
				CODE_SIGN_STYLE = Automatic;
				CURRENT_PROJECT_VERSION = 1;
				DEVELOPMENT_TEAM = H29F6RLPN8;
				GENERATE_INFOPLIST_FILE = YES;
				INFOPLIST_FILE = "weather-picker-ios/Supporting Files/Info.plist";
				INFOPLIST_KEY_UIApplicationSupportsIndirectInputEvents = YES;
				INFOPLIST_KEY_UILaunchStoryboardName = LaunchScreen;
				INFOPLIST_KEY_UISupportedInterfaceOrientations = UIInterfaceOrientationPortrait;
				INFOPLIST_KEY_UISupportedInterfaceOrientations_iPad = "UIInterfaceOrientationLandscapeLeft UIInterfaceOrientationLandscapeRight UIInterfaceOrientationPortrait UIInterfaceOrientationPortraitUpsideDown";
				IPHONEOS_DEPLOYMENT_TARGET = 14.0;
				LD_RUNPATH_SEARCH_PATHS = (
					"$(inherited)",
					"@executable_path/Frameworks",
				);
				MARKETING_VERSION = 1.0;
				PRODUCT_BUNDLE_IDENTIFIER = "foolery.weather-picker-ios";
				PRODUCT_NAME = "$(TARGET_NAME)";
				SWIFT_EMIT_LOC_STRINGS = YES;
				SWIFT_VERSION = 5.0;
				TARGETED_DEVICE_FAMILY = "1,2";
			};
			name = Release;
		};
/* End XCBuildConfiguration section */

/* Begin XCConfigurationList section */
		8491737C2C4699C9003766B0 /* Build configuration list for PBXProject "weather-picker-ios" */ = {
			isa = XCConfigurationList;
			buildConfigurations = (
				849173932C4699CA003766B0 /* Debug */,
				849173942C4699CA003766B0 /* Release */,
			);
			defaultConfigurationIsVisible = 0;
			defaultConfigurationName = Release;
		};
		849173952C4699CA003766B0 /* Build configuration list for PBXNativeTarget "weather-picker-ios" */ = {
			isa = XCConfigurationList;
			buildConfigurations = (
				849173962C4699CA003766B0 /* Debug */,
				849173972C4699CA003766B0 /* Release */,
			);
			defaultConfigurationIsVisible = 0;
			defaultConfigurationName = Release;
		};
/* End XCConfigurationList section */
	};
	rootObject = 849173792C4699C9003766B0 /* Project object */;
}
